
Microsoft Visual Studio Solution File, Format Version 12.00
Project("{FAE04EC0-301F-11D3-BF4B-00C04F79EFBC}") = "InputGenerator", "InputGenerator\InputGenerator.csproj", "{12578AC5-F2BE-4393-A45D-C4FE3EDC84C6}"
EndProject
Global
	GlobalSection(SolutionConfigurationPlatforms) = preSolution
		Debug|Any CPU = Debug|Any CPU
		Release|Any CPU = Release|Any CPU
	EndGlobalSection
	GlobalSection(ProjectConfigurationPlatforms) = postSolution
		{12578AC5-F2BE-4393-A45D-C4FE3EDC84C6}.Debug|Any CPU.ActiveCfg = Debug|Any CPU
		{12578AC5-F2BE-4393-A45D-C4FE3EDC84C6}.Debug|Any CPU.Build.0 = Debug|Any CPU
		{12578AC5-F2BE-4393-A45D-C4FE3EDC84C6}.Release|Any CPU.ActiveCfg = Release|Any CPU
		{12578AC5-F2BE-4393-A45D-C4FE3EDC84C6}.Release|Any CPU.Build.0 = Release|Any CPU
	EndGlobalSection
EndGlobal
